// !$*UTF8*$!
{
	archiveVersion = 1;
	classes = {
	};
	objectVersion = 55;
	objects = {

/* Begin PBXBuildFile section */
		1613186D2902661400E77FAD /* AppDelegate.swift in Sources */ = {isa = PBXBuildFile; fileRef = 1613186C2902661400E77FAD /* AppDelegate.swift */; };
		1613186F2902661400E77FAD /* SceneDelegate.swift in Sources */ = {isa = PBXBuildFile; fileRef = 1613186E2902661400E77FAD /* SceneDelegate.swift */; };
		161318712902661400E77FAD /* ViewController.swift in Sources */ = {isa = PBXBuildFile; fileRef = 161318702902661400E77FAD /* ViewController.swift */; };
		161318742902661400E77FAD /* Main.storyboard in Resources */ = {isa = PBXBuildFile; fileRef = 161318722902661400E77FAD /* Main.storyboard */; };
		161318762902661600E77FAD /* Assets.xcassets in Resources */ = {isa = PBXBuildFile; fileRef = 161318752902661600E77FAD /* Assets.xcassets */; };
		161318792902661600E77FAD /* LaunchScreen.storyboard in Resources */ = {isa = PBXBuildFile; fileRef = 161318772902661600E77FAD /* LaunchScreen.storyboard */; };
		1613188329026CAC00E77FAD /* CustomView.swift in Sources */ = {isa = PBXBuildFile; fileRef = 1613188229026CAC00E77FAD /* CustomView.swift */; };
		16C07E10290A925800E4CA83 /* Shape.swift in Sources */ = {isa = PBXBuildFile; fileRef = 16C07E0F290A925800E4CA83 /* Shape.swift */; };
		16C07E12290A927700E4CA83 /* Rectangle.swift in Sources */ = {isa = PBXBuildFile; fileRef = 16C07E11290A927700E4CA83 /* Rectangle.swift */; };
		16C07E14290A929500E4CA83 /* Circle.swift in Sources */ = {isa = PBXBuildFile; fileRef = 16C07E13290A929500E4CA83 /* Circle.swift */; };
		16C07E16290A92C100E4CA83 /* Line.swift in Sources */ = {isa = PBXBuildFile; fileRef = 16C07E15290A92C100E4CA83 /* Line.swift */; };
		16C07E18290A92ED00E4CA83 /* Triangle.swift in Sources */ = {isa = PBXBuildFile; fileRef = 16C07E17290A92ED00E4CA83 /* Triangle.swift */; };
		16C07E1A290A930700E4CA83 /* Pen.swift in Sources */ = {isa = PBXBuildFile; fileRef = 16C07E19290A930700E4CA83 /* Pen.swift */; };
/* End PBXBuildFile section */

/* Begin PBXFileReference section */
		161318692902661400E77FAD /* Paint.app */ = {isa = PBXFileReference; explicitFileType = wrapper.application; includeInIndex = 0; path = Paint.app; sourceTree = BUILT_PRODUCTS_DIR; };
		1613186C2902661400E77FAD /* AppDelegate.swift */ = {isa = PBXFileReference; lastKnownFileType = sourcecode.swift; path = AppDelegate.swift; sourceTree = "<group>"; };
		1613186E2902661400E77FAD /* SceneDelegate.swift */ = {isa = PBXFileReference; lastKnownFileType = sourcecode.swift; path = SceneDelegate.swift; sourceTree = "<group>"; };
		161318702902661400E77FAD /* ViewController.swift */ = {isa = PBXFileReference; lastKnownFileType = sourcecode.swift; path = ViewController.swift; sourceTree = "<group>"; };
		161318732902661400E77FAD /* Base */ = {isa = PBXFileReference; lastKnownFileType = file.storyboard; name = Base; path = Base.lproj/Main.storyboard; sourceTree = "<group>"; };
		161318752902661600E77FAD /* Assets.xcassets */ = {isa = PBXFileReference; lastKnownFileType = folder.assetcatalog; path = Assets.xcassets; sourceTree = "<group>"; };
		161318782902661600E77FAD /* Base */ = {isa = PBXFileReference; lastKnownFileType = file.storyboard; name = Base; path = Base.lproj/LaunchScreen.storyboard; sourceTree = "<group>"; };
		1613187A2902661600E77FAD /* Info.plist */ = {isa = PBXFileReference; lastKnownFileType = text.plist.xml; path = Info.plist; sourceTree = "<group>"; };
		1613188229026CAC00E77FAD /* CustomView.swift */ = {isa = PBXFileReference; lastKnownFileType = sourcecode.swift; path = CustomView.swift; sourceTree = "<group>"; };
		16C07E0F290A925800E4CA83 /* Shape.swift */ = {isa = PBXFileReference; lastKnownFileType = sourcecode.swift; path = Shape.swift; sourceTree = "<group>"; };
		16C07E11290A927700E4CA83 /* Rectangle.swift */ = {isa = PBXFileReference; lastKnownFileType = sourcecode.swift; path = Rectangle.swift; sourceTree = "<group>"; };
		16C07E13290A929500E4CA83 /* Circle.swift */ = {isa = PBXFileReference; lastKnownFileType = sourcecode.swift; path = Circle.swift; sourceTree = "<group>"; };
		16C07E15290A92C100E4CA83 /* Line.swift */ = {isa = PBXFileReference; lastKnownFileType = sourcecode.swift; path = Line.swift; sourceTree = "<group>"; };
		16C07E17290A92ED00E4CA83 /* Triangle.swift */ = {isa = PBXFileReference; lastKnownFileType = sourcecode.swift; path = Triangle.swift; sourceTree = "<group>"; };
		16C07E19290A930700E4CA83 /* Pen.swift */ = {isa = PBXFileReference; lastKnownFileType = sourcecode.swift; path = Pen.swift; sourceTree = "<group>"; };
/* End PBXFileReference section */

/* Begin PBXFrameworksBuildPhase section */
		161318662902661400E77FAD /* Frameworks */ = {
			isa = PBXFrameworksBuildPhase;
			buildActionMask = 2147483647;
			files = (
			);
			runOnlyForDeploymentPostprocessing = 0;
		};
/* End PBXFrameworksBuildPhase section */

/* Begin PBXGroup section */
		161318602902661400E77FAD = {
			isa = PBXGroup;
			children = (
				1613186B2902661400E77FAD /* Paint */,
				1613186A2902661400E77FAD /* Products */,
			);
			sourceTree = "<group>";
		};
		1613186A2902661400E77FAD /* Products */ = {
			isa = PBXGroup;
			children = (
				161318692902661400E77FAD /* Paint.app */,
			);
			name = Products;
			sourceTree = "<group>";
		};
		1613186B2902661400E77FAD /* Paint */ = {
			isa = PBXGroup;
			children = (
				1613186C2902661400E77FAD /* AppDelegate.swift */,
				1613186E2902661400E77FAD /* SceneDelegate.swift */,
				1613188029026C4C00E77FAD /* Controllers */,
				16C07E0E290A924700E4CA83 /* Models */,
				1613188129026C5D00E77FAD /* View */,
				161318722902661400E77FAD /* Main.storyboard */,
				161318752902661600E77FAD /* Assets.xcassets */,
				161318772902661600E77FAD /* LaunchScreen.storyboard */,
				1613187A2902661600E77FAD /* Info.plist */,
			);
			path = Paint;
			sourceTree = "<group>";
		};
		1613188029026C4C00E77FAD /* Controllers */ = {
			isa = PBXGroup;
			children = (
				161318702902661400E77FAD /* ViewController.swift */,
			);
			path = Controllers;
			sourceTree = "<group>";
		};
		1613188129026C5D00E77FAD /* View */ = {
			isa = PBXGroup;
			children = (
				1613188229026CAC00E77FAD /* CustomView.swift */,
			);
			path = View;
			sourceTree = "<group>";
		};
		16C07E0E290A924700E4CA83 /* Models */ = {
			isa = PBXGroup;
			children = (
				16C07E0F290A925800E4CA83 /* Shape.swift */,
				16C07E13290A929500E4CA83 /* Circle.swift */,
				16C07E11290A927700E4CA83 /* Rectangle.swift */,
				16C07E15290A92C100E4CA83 /* Line.swift */,
				16C07E17290A92ED00E4CA83 /* Triangle.swift */,
				16C07E19290A930700E4CA83 /* Pen.swift */,
			);
			path = Models;
			sourceTree = "<group>";
		};
/* End PBXGroup section */

/* Begin PBXNativeTarget section */
		161318682902661400E77FAD /* Paint */ = {
			isa = PBXNativeTarget;
			buildConfigurationList = 1613187D2902661600E77FAD /* Build configuration list for PBXNativeTarget "Paint" */;
			buildPhases = (
				161318652902661400E77FAD /* Sources */,
				161318662902661400E77FAD /* Frameworks */,
				161318672902661400E77FAD /* Resources */,
			);
			buildRules = (
			);
			dependencies = (
			);
			name = Paint;
			productName = Paint;
			productReference = 161318692902661400E77FAD /* Paint.app */;
			productType = "com.apple.product-type.application";
		};
/* End PBXNativeTarget section */

/* Begin PBXProject section */
		161318612902661400E77FAD /* Project object */ = {
			isa = PBXProject;
			attributes = {
				BuildIndependentTargetsInParallel = 1;
				LastSwiftUpdateCheck = 1340;
				LastUpgradeCheck = 1340;
				TargetAttributes = {
					161318682902661400E77FAD = {
						CreatedOnToolsVersion = 13.4.1;
					};
				};
			};
			buildConfigurationList = 161318642902661400E77FAD /* Build configuration list for PBXProject "Paint" */;
			compatibilityVersion = "Xcode 13.0";
			developmentRegion = en;
			hasScannedForEncodings = 0;
			knownRegions = (
				en,
				Base,
			);
			mainGroup = 161318602902661400E77FAD;
			productRefGroup = 1613186A2902661400E77FAD /* Products */;
			projectDirPath = "";
			projectRoot = "";
			targets = (
				161318682902661400E77FAD /* Paint */,
			);
		};
/* End PBXProject section */

/* Begin PBXResourcesBuildPhase section */
		161318672902661400E77FAD /* Resources */ = {
			isa = PBXResourcesBuildPhase;
			buildActionMask = 2147483647;
			files = (
				161318792902661600E77FAD /* LaunchScreen.storyboard in Resources */,
				161318762902661600E77FAD /* Assets.xcassets in Resources */,
				161318742902661400E77FAD /* Main.storyboard in Resources */,
			);
			runOnlyForDeploymentPostprocessing = 0;
		};
/* End PBXResourcesBuildPhase section */

/* Begin PBXSourcesBuildPhase section */
		161318652902661400E77FAD /* Sources */ = {
			isa = PBXSourcesBuildPhase;
			buildActionMask = 2147483647;
			files = (
				16C07E14290A929500E4CA83 /* Circle.swift in Sources */,
				16C07E10290A925800E4CA83 /* Shape.swift in Sources */,
				161318712902661400E77FAD /* ViewController.swift in Sources */,
				16C07E18290A92ED00E4CA83 /* Triangle.swift in Sources */,
				1613186D2902661400E77FAD /* AppDelegate.swift in Sources */,
				16C07E1A290A930700E4CA83 /* Pen.swift in Sources */,
				16C07E12290A927700E4CA83 /* Rectangle.swift in Sources */,
				16C07E16290A92C100E4CA83 /* Line.swift in Sources */,
				1613188329026CAC00E77FAD /* CustomView.swift in Sources */,
				1613186F2902661400E77FAD /* SceneDelegate.swift in Sources */,
			);
			runOnlyForDeploymentPostprocessing = 0;
		};
/* End PBXSourcesBuildPhase section */

/* Begin PBXVariantGroup section */
		161318722902661400E77FAD /* Main.storyboard */ = {
			isa = PBXVariantGroup;
			children = (
				161318732902661400E77FAD /* Base */,
			);
			name = Main.storyboard;
			sourceTree = "<group>";
		};
		161318772902661600E77FAD /* LaunchScreen.storyboard */ = {
			isa = PBXVariantGroup;
			children = (
				161318782902661600E77FAD /* Base */,
			);
			name = LaunchScreen.storyboard;
			sourceTree = "<group>";
		};
/* End PBXVariantGroup section */

/* Begin XCBuildConfiguration section */
		1613187B2902661600E77FAD /* Debug */ = {
			isa = XCBuildConfiguration;
			buildSettings = {
				ALWAYS_SEARCH_USER_PATHS = NO;
				CLANG_ANALYZER_NONNULL = YES;
				CLANG_ANALYZER_NUMBER_OBJECT_CONVERSION = YES_AGGRESSIVE;
				CLANG_CXX_LANGUAGE_STANDARD = "gnu++17";
				CLANG_ENABLE_MODULES = YES;
				CLANG_ENABLE_OBJC_ARC = YES;
				CLANG_ENABLE_OBJC_WEAK = YES;
				CLANG_WARN_BLOCK_CAPTURE_AUTORELEASING = YES;
				CLANG_WARN_BOOL_CONVERSION = YES;
				CLANG_WARN_COMMA = YES;
				CLANG_WARN_CONSTANT_CONVERSION = YES;
				CLANG_WARN_DEPRECATED_OBJC_IMPLEMENTATIONS = YES;
				CLANG_WARN_DIRECT_OBJC_ISA_USAGE = YES_ERROR;
				CLANG_WARN_DOCUMENTATION_COMMENTS = YES;
				CLANG_WARN_EMPTY_BODY = YES;
				CLANG_WARN_ENUM_CONVERSION = YES;
				CLANG_WARN_INFINITE_RECURSION = YES;
				CLANG_WARN_INT_CONVERSION = YES;
				CLANG_WARN_NON_LITERAL_NULL_CONVERSION = YES;
				CLANG_WARN_OBJC_IMPLICIT_RETAIN_SELF = YES;
				CLANG_WARN_OBJC_LITERAL_CONVERSION = YES;
				CLANG_WARN_OBJC_ROOT_CLASS = YES_ERROR;
				CLANG_WARN_QUOTED_INCLUDE_IN_FRAMEWORK_HEADER = YES;
				CLANG_WARN_RANGE_LOOP_ANALYSIS = YES;
				CLANG_WARN_STRICT_PROTOTYPES = YES;
				CLANG_WARN_SUSPICIOUS_MOVE = YES;
				CLANG_WARN_UNGUARDED_AVAILABILITY = YES_AGGRESSIVE;
				CLANG_WARN_UNREACHABLE_CODE = YES;
				CLANG_WARN__DUPLICATE_METHOD_MATCH = YES;
				COPY_PHASE_STRIP = NO;
				DEBUG_INFORMATION_FORMAT = dwarf;
				ENABLE_STRICT_OBJC_MSGSEND = YES;
				ENABLE_TESTABILITY = YES;
				GCC_C_LANGUAGE_STANDARD = gnu11;
				GCC_DYNAMIC_NO_PIC = NO;
				GCC_NO_COMMON_BLOCKS = YES;
				GCC_OPTIMIZATION_LEVEL = 0;
				GCC_PREPROCESSOR_DEFINITIONS = (
					"DEBUG=1",
					"$(inherited)",
				);
				GCC_WARN_64_TO_32_BIT_CONVERSION = YES;
				GCC_WARN_ABOUT_RETURN_TYPE = YES_ERROR;
				GCC_WARN_UNDECLARED_SELECTOR = YES;
				GCC_WARN_UNINITIALIZED_AUTOS = YES_AGGRESSIVE;
				GCC_WARN_UNUSED_FUNCTION = YES;
				GCC_WARN_UNUSED_VARIABLE = YES;
				IPHONEOS_DEPLOYMENT_TARGET = 15.5;
				MTL_ENABLE_DEBUG_INFO = INCLUDE_SOURCE;
				MTL_FAST_MATH = YES;
				ONLY_ACTIVE_ARCH = YES;
				SDKROOT = iphoneos;
				SWIFT_ACTIVE_COMPILATION_CONDITIONS = DEBUG;
				SWIFT_OPTIMIZATION_LEVEL = "-Onone";
			};
			name = Debug;
		};
		1613187C2902661600E77FAD /* Release */ = {
			isa = XCBuildConfiguration;
			buildSettings = {
				ALWAYS_SEARCH_USER_PATHS = NO;
				CLANG_ANALYZER_NONNULL = YES;
				CLANG_ANALYZER_NUMBER_OBJECT_CONVERSION = YES_AGGRESSIVE;
				CLANG_CXX_LANGUAGE_STANDARD = "gnu++17";
				CLANG_ENABLE_MODULES = YES;
				CLANG_ENABLE_OBJC_ARC = YES;
				CLANG_ENABLE_OBJC_WEAK = YES;
				CLANG_WARN_BLOCK_CAPTURE_AUTORELEASING = YES;
				CLANG_WARN_BOOL_CONVERSION = YES;
				CLANG_WARN_COMMA = YES;
				CLANG_WARN_CONSTANT_CONVERSION = YES;
				CLANG_WARN_DEPRECATED_OBJC_IMPLEMENTATIONS = YES;
				CLANG_WARN_DIRECT_OBJC_ISA_USAGE = YES_ERROR;
				CLANG_WARN_DOCUMENTATION_COMMENTS = YES;
				CLANG_WARN_EMPTY_BODY = YES;
				CLANG_WARN_ENUM_CONVERSION = YES;
				CLANG_WARN_INFINITE_RECURSION = YES;
				CLANG_WARN_INT_CONVERSION = YES;
				CLANG_WARN_NON_LITERAL_NULL_CONVERSION = YES;
				CLANG_WARN_OBJC_IMPLICIT_RETAIN_SELF = YES;
				CLANG_WARN_OBJC_LITERAL_CONVERSION = YES;
				CLANG_WARN_OBJC_ROOT_CLASS = YES_ERROR;
				CLANG_WARN_QUOTED_INCLUDE_IN_FRAMEWORK_HEADER = YES;
				CLANG_WARN_RANGE_LOOP_ANALYSIS = YES;
				CLANG_WARN_STRICT_PROTOTYPES = YES;
				CLANG_WARN_SUSPICIOUS_MOVE = YES;
				CLANG_WARN_UNGUARDED_AVAILABILITY = YES_AGGRESSIVE;
				CLANG_WARN_UNREACHABLE_CODE = YES;
				CLANG_WARN__DUPLICATE_METHOD_MATCH = YES;
				COPY_PHASE_STRIP = NO;
				DEBUG_INFORMATION_FORMAT = "dwarf-with-dsym";
				ENABLE_NS_ASSERTIONS = NO;
				ENABLE_STRICT_OBJC_MSGSEND = YES;
				GCC_C_LANGUAGE_STANDARD = gnu11;
				GCC_NO_COMMON_BLOCKS = YES;
				GCC_WARN_64_TO_32_BIT_CONVERSION = YES;
				GCC_WARN_ABOUT_RETURN_TYPE = YES_ERROR;
				GCC_WARN_UNDECLARED_SELECTOR = YES;
				GCC_WARN_UNINITIALIZED_AUTOS = YES_AGGRESSIVE;
				GCC_WARN_UNUSED_FUNCTION = YES;
				GCC_WARN_UNUSED_VARIABLE = YES;
				IPHONEOS_DEPLOYMENT_TARGET = 15.5;
				MTL_ENABLE_DEBUG_INFO = NO;
				MTL_FAST_MATH = YES;
				SDKROOT = iphoneos;
				SWIFT_COMPILATION_MODE = wholemodule;
				SWIFT_OPTIMIZATION_LEVEL = "-O";
				VALIDATE_PRODUCT = YES;
			};
			name = Release;
		};
		1613187E2902661600E77FAD /* Debug */ = {
			isa = XCBuildConfiguration;
			buildSettings = {
				ASSETCATALOG_COMPILER_APPICON_NAME = AppIcon;
				ASSETCATALOG_COMPILER_GLOBAL_ACCENT_COLOR_NAME = AccentColor;
				CODE_SIGN_STYLE = Automatic;
				CURRENT_PROJECT_VERSION = 1;
				DEVELOPMENT_TEAM = NSA4Y9KC2A;
				GENERATE_INFOPLIST_FILE = YES;
				INFOPLIST_FILE = Paint/Info.plist;
				INFOPLIST_KEY_UIApplicationSupportsIndirectInputEvents = YES;
				INFOPLIST_KEY_UILaunchStoryboardName = LaunchScreen;
				INFOPLIST_KEY_UIMainStoryboardFile = Main;
				INFOPLIST_KEY_UISupportedInterfaceOrientations_iPad = "UIInterfaceOrientationPortrait UIInterfaceOrientationPortraitUpsideDown UIInterfaceOrientationLandscapeLeft UIInterfaceOrientationLandscapeRight";
				INFOPLIST_KEY_UISupportedInterfaceOrientations_iPhone = "UIInterfaceOrientationPortrait UIInterfaceOrientationLandscapeLeft UIInterfaceOrientationLandscapeRight";
				LD_RUNPATH_SEARCH_PATHS = (
					"$(inherited)",
					"@executable_path/Frameworks",
				);
				MARKETING_VERSION = 1.0;
				PRODUCT_BUNDLE_IDENTIFIER = company.com.Paint;
				PRODUCT_NAME = "$(TARGET_NAME)";
				SWIFT_EMIT_LOC_STRINGS = YES;
				SWIFT_VERSION = 5.0;
				TARGETED_DEVICE_FAMILY = "1,2";
			};
			name = Debug;
		};
		1613187F2902661600E77FAD /* Release */ = {
			isa = XCBuildConfiguration;
			buildSettings = {
				ASSETCATALOG_COMPILER_APPICON_NAME = AppIcon;
				ASSETCATALOG_COMPILER_GLOBAL_ACCENT_COLOR_NAME = AccentColor;
				CODE_SIGN_STYLE = Automatic;
				CURRENT_PROJECT_VERSION = 1;
				DEVELOPMENT_TEAM = NSA4Y9KC2A;
				GENERATE_INFOPLIST_FILE = YES;
				INFOPLIST_FILE = Paint/Info.plist;
				INFOPLIST_KEY_UIApplicationSupportsIndirectInputEvents = YES;
				INFOPLIST_KEY_UILaunchStoryboardName = LaunchScreen;
				INFOPLIST_KEY_UIMainStoryboardFile = Main;
				INFOPLIST_KEY_UISupportedInterfaceOrientations_iPad = "UIInterfaceOrientationPortrait UIInterfaceOrientationPortraitUpsideDown UIInterfaceOrientationLandscapeLeft UIInterfaceOrientationLandscapeRight";
				INFOPLIST_KEY_UISupportedInterfaceOrientations_iPhone = "UIInterfaceOrientationPortrait UIInterfaceOrientationLandscapeLeft UIInterfaceOrientationLandscapeRight";
				LD_RUNPATH_SEARCH_PATHS = (
					"$(inherited)",
					"@executable_path/Frameworks",
				);
				MARKETING_VERSION = 1.0;
				PRODUCT_BUNDLE_IDENTIFIER = company.com.Paint;
				PRODUCT_NAME = "$(TARGET_NAME)";
				SWIFT_EMIT_LOC_STRINGS = YES;
				SWIFT_VERSION = 5.0;
				TARGETED_DEVICE_FAMILY = "1,2";
			};
			name = Release;
		};
/* End XCBuildConfiguration section */

/* Begin XCConfigurationList section */
		161318642902661400E77FAD /* Build configuration list for PBXProject "Paint" */ = {
			isa = XCConfigurationList;
			buildConfigurations = (
				1613187B2902661600E77FAD /* Debug */,
				1613187C2902661600E77FAD /* Release */,
			);
			defaultConfigurationIsVisible = 0;
			defaultConfigurationName = Release;
		};
		1613187D2902661600E77FAD /* Build configuration list for PBXNativeTarget "Paint" */ = {
			isa = XCConfigurationList;
			buildConfigurations = (
				1613187E2902661600E77FAD /* Debug */,
				1613187F2902661600E77FAD /* Release */,
			);
			defaultConfigurationIsVisible = 0;
			defaultConfigurationName = Release;
		};
/* End XCConfigurationList section */
	};
	rootObject = 161318612902661400E77FAD /* Project object */;
}
